{
  "nodes": {
    "base16": {
      "inputs": {
        "fromYaml": "fromYaml"
      },
      "locked": {
        "lastModified": 1755819240,
        "narHash": "sha256-qcMhnL7aGAuFuutH4rq9fvAhCpJWVHLcHVZLtPctPlo=",
        "owner": "SenchoPens",
        "repo": "base16.nix",
        "rev": "75ed5e5e3fce37df22e49125181fa37899c3ccd6",
        "type": "github"
      },
      "original": {
        "owner": "SenchoPens",
        "repo": "base16.nix",
        "type": "github"
      }
    },
    "base16-fish": {
      "flake": false,
      "locked": {
        "lastModified": 1765809053,
        "narHash": "sha256-XCUQLoLfBJ8saWms2HCIj4NEN+xNsWBlU1NrEPcQG4s=",
        "owner": "tomyun",
        "repo": "base16-fish",
        "rev": "86cbea4dca62e08fb7fd83a70e96472f92574782",
        "type": "github"
      },
      "original": {
        "owner": "tomyun",
        "repo": "base16-fish",
        "rev": "86cbea4dca62e08fb7fd83a70e96472f92574782",
        "type": "github"
      }
    },
    "base16-helix": {
      "flake": false,
      "locked": {
        "lastModified": 1760703920,
        "narHash": "sha256-m82fGUYns4uHd+ZTdoLX2vlHikzwzdu2s2rYM2bNwzw=",
        "owner": "tinted-theming",
        "repo": "base16-helix",
        "rev": "d646af9b7d14bff08824538164af99d0c521b185",
        "type": "github"
      },
      "original": {
        "owner": "tinted-theming",
        "repo": "base16-helix",
        "type": "github"
      }
    },
    "base16-vim": {
      "flake": false,
      "locked": {
        "lastModified": 1732806396,
        "narHash": "sha256-e0bpPySdJf0F68Ndanwm+KWHgQiZ0s7liLhvJSWDNsA=",
        "owner": "tinted-theming",
        "repo": "base16-vim",
        "rev": "577fe8125d74ff456cf942c733a85d769afe58b7",
        "type": "github"
      },
      "original": {
        "owner": "tinted-theming",
        "repo": "base16-vim",
        "rev": "577fe8125d74ff456cf942c733a85d769afe58b7",
        "type": "github"
      }
    },
    "betterfox": {
      "inputs": {
        "flake-parts": "flake-parts",
        "import-tree": "import-tree",
        "nixpkgs": "nixpkgs",
        "systems": "systems"
      },
      "locked": {
        "lastModified": 1772718834,
        "narHash": "sha256-/RtaLou67cDUWO1ewGrEOfvCi3tuz7TjIcawqGHxAcM=",
        "owner": "HeitorAugustoLN",
        "repo": "betterfox-nix",
        "rev": "4bd94674fbe4949b14207b2c4b7d832760b920e3",
        "type": "github"
      },
      "original": {
        "owner": "HeitorAugustoLN",
        "repo": "betterfox-nix",
        "type": "github"
      }
    },
    "blender": {
      "inputs": {
        "nixpkgs": [
          "nixpkgs-unstable"
        ]
      },
      "locked": {
        "dir": "blender",
        "lastModified": 1766785730,
        "narHash": "sha256-R0SImlpvVtp4gBCjWtrjyWlir2vMEs03XdVBJtsryUU=",
        "owner": "edolstra",
        "repo": "nix-warez",
        "rev": "32a73188c4026cea3f8ed97078ace45bf9f7f578",
        "type": "github"
      },
      "original": {
        "dir": "blender",
        "owner": "edolstra",
        "repo": "nix-warez",
        "type": "github"
      }
    },
    "cachyos-kernel": {
      "flake": false,
      "locked": {
        "lastModified": 1773036026,
        "narHash": "sha256-hRDSqn5jL0cq4aYTcAS61Jsw2DEqxHkAb01Cyu7jIDc=",
        "owner": "CachyOS",
        "repo": "linux-cachyos",
        "rev": "dd72b90988e22422548f65e1ec8e2b52c8c7e35f",
        "type": "github"
      },
      "original": {
        "owner": "CachyOS",
        "repo": "linux-cachyos",
        "type": "github"
      }
    },
    "cachyos-kernel-patches": {
      "flake": false,
      "locked": {
        "lastModified": 1773035489,
        "narHash": "sha256-qsniqHnVIZdhGO6tYyugtWpOtdYofnUcpJAj6YAAvM4=",
        "owner": "CachyOS",
        "repo": "kernel-patches",
        "rev": "d60f37176775b87d3300b333b39ae974adbda381",
        "type": "github"
      },
      "original": {
        "owner": "CachyOS",
        "repo": "kernel-patches",
        "type": "github"
      }
    },
    "firefox-gnome-theme": {
      "flake": false,
      "locked": {
        "lastModified": 1764873433,
        "narHash": "sha256-1XPewtGMi+9wN9Ispoluxunw/RwozuTRVuuQOmxzt+A=",
        "owner": "rafaelmardojai",
        "repo": "firefox-gnome-theme",
        "rev": "f7ffd917ac0d253dbd6a3bf3da06888f57c69f92",
        "type": "github"
      },
      "original": {
        "owner": "rafaelmardojai",
        "repo": "firefox-gnome-theme",
        "type": "github"
      }
    },
    "flake-compat": {
      "flake": false,
      "locked": {
        "lastModified": 1767039857,
        "narHash": "sha256-vNpUSpF5Nuw8xvDLj2KCwwksIbjua2LZCqhV1LNRDns=",
        "owner": "NixOS",
        "repo": "flake-compat",
        "rev": "5edf11c44bc78a0d334f6334cdaf7d60d732daab",
        "type": "github"
      },
      "original": {
        "owner": "NixOS",
        "repo": "flake-compat",
        "type": "github"
      }
    },
    "flake-compat_2": {
      "flake": false,
      "locked": {
        "lastModified": 1747046372,
        "narHash": "sha256-CIVLLkVgvHYbgI2UpXvIIBJ12HWgX+fjA8Xf8PUmqCY=",
        "owner": "edolstra",
        "repo": "flake-compat",
        "rev": "9100a0f413b0c601e0533d1d94ffd501ce2e7885",
        "type": "github"
      },
      "original": {
        "owner": "edolstra",
        "repo": "flake-compat",
        "type": "github"
      }
    },
    "flake-parts": {
      "inputs": {
        "nixpkgs-lib": [
          "betterfox",
          "nixpkgs"
        ]
      },
      "locked": {
        "lastModified": 1763759067,
        "narHash": "sha256-LlLt2Jo/gMNYAwOgdRQBrsRoOz7BPRkzvNaI/fzXi2Q=",
        "owner": "hercules-ci",
        "repo": "flake-parts",
        "rev": "2cccadc7357c0ba201788ae99c4dfa90728ef5e0",
        "type": "github"
      },
      "original": {
        "owner": "hercules-ci",
        "repo": "flake-parts",
        "type": "github"
      }
    },
    "flake-parts_2": {
      "inputs": {
        "nixpkgs-lib": "nixpkgs-lib"
      },
      "locked": {
        "lastModified": 1772408722,
        "narHash": "sha256-rHuJtdcOjK7rAHpHphUb1iCvgkU3GpfvicLMwwnfMT0=",
        "owner": "hercules-ci",
        "repo": "flake-parts",
        "rev": "f20dc5d9b8027381c474144ecabc9034d6a839a3",
        "type": "github"
      },
      "original": {
        "owner": "hercules-ci",
        "repo": "flake-parts",
        "type": "github"
      }
    },
    "flake-parts_3": {
      "inputs": {
        "nixpkgs-lib": [
          "nixvim",
          "nixpkgs"
        ]
      },
      "locked": {
        "lastModified": 1769996383,
        "narHash": "sha256-AnYjnFWgS49RlqX7LrC4uA+sCCDBj0Ry/WOJ5XWAsa0=",
        "owner": "hercules-ci",
        "repo": "flake-parts",
        "rev": "57928607ea566b5db3ad13af0e57e921e6b12381",
        "type": "github"
      },
      "original": {
        "owner": "hercules-ci",
        "repo": "flake-parts",
        "type": "github"
      }
    },
    "flake-parts_4": {
      "inputs": {
        "nixpkgs-lib": [
          "stylix",
          "nixpkgs"
        ]
      },
      "locked": {
        "lastModified": 1767609335,
        "narHash": "sha256-feveD98mQpptwrAEggBQKJTYbvwwglSbOv53uCfH9PY=",
        "owner": "hercules-ci",
        "repo": "flake-parts",
        "rev": "250481aafeb741edfe23d29195671c19b36b6dca",
        "type": "github"
      },
      "original": {
        "owner": "hercules-ci",
        "repo": "flake-parts",
        "type": "github"
      }
    },
    "fromYaml": {
      "flake": false,
      "locked": {
        "lastModified": 1731966426,
        "narHash": "sha256-lq95WydhbUTWig/JpqiB7oViTcHFP8Lv41IGtayokA8=",
        "owner": "SenchoPens",
        "repo": "fromYaml",
        "rev": "106af9e2f715e2d828df706c386a685698f3223b",
        "type": "github"
      },
      "original": {
        "owner": "SenchoPens",
        "repo": "fromYaml",
        "type": "github"
      }
    },
    "gnome-shell": {
      "flake": false,
      "locked": {
        "host": "gitlab.gnome.org",
        "lastModified": 1767737596,
        "narHash": "sha256-eFujfIUQDgWnSJBablOuG+32hCai192yRdrNHTv0a+s=",
        "owner": "GNOME",
        "repo": "gnome-shell",
        "rev": "ef02db02bf0ff342734d525b5767814770d85b49",
        "type": "gitlab"
      },
      "original": {
        "host": "gitlab.gnome.org",
        "owner": "GNOME",
        "ref": "gnome-49",
        "repo": "gnome-shell",
        "type": "gitlab"
      }
    },
    "home-manager": {
      "inputs": {
        "nixpkgs": [
          "nixpkgs-unstable"
        ]
      },
      "locked": {
        "lastModified": 1773179137,
        "narHash": "sha256-EdW2bwzlfme0vbMOcStnNmKlOAA05Bp6su2O8VLGT0k=",
        "owner": "nix-community",
        "repo": "home-manager",
        "rev": "3f98e2bbc661ec0aaf558d8a283d6955f05f1d09",
        "type": "github"
      },
      "original": {
        "owner": "nix-community",
        "repo": "home-manager",
        "type": "github"
      }
    },
    "import-tree": {
      "locked": {
        "lastModified": 1763762820,
        "narHash": "sha256-ZvYKbFib3AEwiNMLsejb/CWs/OL/srFQ8AogkebEPF0=",
        "owner": "vic",
        "repo": "import-tree",
        "rev": "3c23749d8013ec6daa1d7255057590e9ca726646",
        "type": "github"
      },
      "original": {
        "owner": "vic",
        "repo": "import-tree",
        "type": "github"
      }
    },
    "nh": {
      "inputs": {
        "nixpkgs": "nixpkgs_2"
      },
      "locked": {
        "lastModified": 1772994053,
        "narHash": "sha256-sch2zvYPhx7kyu/QBEiviuKNGjmybIvtIPjfEek9WWk=",
        "owner": "nix-community",
        "repo": "nh",
        "rev": "9c9f2826ec624033c5ce1343a3780201ba31842a",
        "type": "github"
      },
      "original": {
        "owner": "nix-community",
        "repo": "nh",
        "type": "github"
      }
    },
    "niri": {
      "inputs": {
        "niri-stable": "niri-stable",
        "niri-unstable": "niri-unstable",
        "nixpkgs": "nixpkgs_3",
        "nixpkgs-stable": "nixpkgs-stable",
        "xwayland-satellite-stable": "xwayland-satellite-stable",
        "xwayland-satellite-unstable": "xwayland-satellite-unstable"
      },
      "locked": {
        "lastModified": 1773170801,
        "narHash": "sha256-TB9/4xKh8tZcbOtxlHB24EO4NlEIorxtcL3L7LOWLqA=",
        "owner": "sodiboo",
        "repo": "niri-flake",
        "rev": "5336c8d137d1a3ad055e83fa08dcb17c1f2b9444",
        "type": "github"
      },
      "original": {
        "owner": "sodiboo",
        "repo": "niri-flake",
        "type": "github"
      }
    },
    "niri-stable": {
      "flake": false,
      "locked": {
        "lastModified": 1756556321,
        "narHash": "sha256-RLD89dfjN0RVO86C/Mot0T7aduCygPGaYbog566F0Qo=",
        "owner": "YaLTeR",
        "repo": "niri",
        "rev": "01be0e65f4eb91a9cd624ac0b76aaeab765c7294",
        "type": "github"
      },
      "original": {
        "owner": "YaLTeR",
        "ref": "v25.08",
        "repo": "niri",
        "type": "github"
      }
    },
    "niri-unstable": {
      "flake": false,
      "locked": {
        "lastModified": 1773130184,
        "narHash": "sha256-3bwx4WqCB06yfQIGB+OgIckOkEDyKxiTD5pOo4Xz2rI=",
        "owner": "YaLTeR",
        "repo": "niri",
        "rev": "b07bde3ee82dd73115e6b949e4f3f63695da35ea",
        "type": "github"
      },
      "original": {
        "owner": "YaLTeR",
        "repo": "niri",
        "type": "github"
      }
    },
    "nix-cachyos-kernel": {
      "inputs": {
        "cachyos-kernel": "cachyos-kernel",
        "cachyos-kernel-patches": "cachyos-kernel-patches",
        "flake-compat": "flake-compat",
        "flake-parts": "flake-parts_2",
        "nixpkgs": "nixpkgs_4"
      },
      "locked": {
        "lastModified": 1773166308,
        "narHash": "sha256-fkJEQ1rbt/lqsA0+D3+LWtCok9Ofsz8dKDCnbt1MvOs=",
        "owner": "xddxdd",
        "repo": "nix-cachyos-kernel",
        "rev": "2396c36f247f4c1e08f3ffd953b7b958d044e224",
        "type": "github"
      },
      "original": {
        "owner": "xddxdd",
        "ref": "release",
        "repo": "nix-cachyos-kernel",
        "type": "github"
      }
    },
    "nix-minecraft": {
      "inputs": {
        "flake-compat": "flake-compat_2",
        "nixpkgs": "nixpkgs_5",
        "systems": "systems_2"
      },
      "locked": {
        "lastModified": 1773196765,
        "narHash": "sha256-GvveRb/AiCb/dKXculKiNiAMW4CXMPwpeyi6c/S/a7o=",
        "owner": "Infinidoge",
        "repo": "nix-minecraft",
        "rev": "4d744dff3d8e0d9e7f85e06244ad353bdcf424ff",
        "type": "github"
      },
      "original": {
        "owner": "Infinidoge",
        "repo": "nix-minecraft",
        "type": "github"
      }
    },
    "nixpkgs": {
      "locked": {
        "lastModified": 1763806073,
        "narHash": "sha256-FHsEKDvfWpzdADWj99z7vBk4D716Ujdyveo5+A048aI=",
        "owner": "NixOS",
        "repo": "nixpkgs",
        "rev": "878e468e02bfabeda08c79250f7ad583037f2227",
        "type": "github"
      },
      "original": {
        "owner": "NixOS",
        "ref": "nixpkgs-unstable",
        "repo": "nixpkgs",
        "type": "github"
      }
    },
    "nixpkgs-lib": {
      "locked": {
        "lastModified": 1772328832,
        "narHash": "sha256-e+/T/pmEkLP6BHhYjx6GmwP5ivonQQn0bJdH9YrRB+Q=",
        "owner": "nix-community",
        "repo": "nixpkgs.lib",
        "rev": "c185c7a5e5dd8f9add5b2f8ebeff00888b070742",
        "type": "github"
      },
      "original": {
        "owner": "nix-community",
        "repo": "nixpkgs.lib",
        "type": "github"
      }
    },
    "nixpkgs-stable": {
      "locked": {
        "lastModified": 1773068389,
        "narHash": "sha256-vMrm7Pk2hjBRPnCSjhq1pH0bg350Z+pXhqZ9ICiqqCs=",
        "owner": "NixOS",
        "repo": "nixpkgs",
        "rev": "44bae273f9f82d480273bab26f5c50de3724f52f",
        "type": "github"
      },
      "original": {
        "owner": "NixOS",
        "ref": "nixos-25.11",
        "repo": "nixpkgs",
        "type": "github"
      }
    },
    "nixpkgs-unstable": {
      "locked": {
        "lastModified": 1772963539,
        "narHash": "sha256-9jVDGZnvCckTGdYT53d/EfznygLskyLQXYwJLKMPsZs=",
        "owner": "nixos",
        "repo": "nixpkgs",
        "rev": "9dcb002ca1690658be4a04645215baea8b95f31d",
        "type": "github"
      },
      "original": {
        "owner": "nixos",
        "ref": "nixos-unstable",
        "repo": "nixpkgs",
        "type": "github"
      }
    },
    "nixpkgs_2": {
      "locked": {
        "lastModified": 1769318308,
        "narHash": "sha256-Mjx6p96Pkefks3+aA+72lu1xVehb6mv2yTUUqmSet6Q=",
        "owner": "NixOS",
        "repo": "nixpkgs",
        "rev": "1cd347bf3355fce6c64ab37d3967b4a2cb4b878c",
        "type": "github"
      },
      "original": {
        "owner": "NixOS",
        "ref": "nixos-25.11",
        "repo": "nixpkgs",
        "type": "github"
      }
    },
    "nixpkgs_3": {
      "locked": {
        "lastModified": 1772963539,
        "narHash": "sha256-9jVDGZnvCckTGdYT53d/EfznygLskyLQXYwJLKMPsZs=",
        "owner": "NixOS",
        "repo": "nixpkgs",
        "rev": "9dcb002ca1690658be4a04645215baea8b95f31d",
        "type": "github"
      },
      "original": {
        "owner": "NixOS",
        "ref": "nixos-unstable",
        "repo": "nixpkgs",
        "type": "github"
      }
    },
    "nixpkgs_4": {
      "locked": {
        "lastModified": 1773148319,
        "narHash": "sha256-Yr9ej3uSDycQZHWB5HslVgryLkdSBN2fODAqURv/1wQ=",
        "owner": "NixOS",
        "repo": "nixpkgs",
        "rev": "8da79c289ee165139257335eab0733d98c4ad458",
        "type": "github"
      },
      "original": {
        "owner": "NixOS",
        "ref": "nixos-unstable-small",
        "repo": "nixpkgs",
        "type": "github"
      }
    },
    "nixpkgs_5": {
      "locked": {
        "lastModified": 1769461804,
        "narHash": "sha256-msG8SU5WsBUfVVa/9RPLaymvi5bI8edTavbIq3vRlhI=",
        "owner": "nixos",
        "repo": "nixpkgs",
        "rev": "bfc1b8a4574108ceef22f02bafcf6611380c100d",
        "type": "github"
      },
      "original": {
        "owner": "nixos",
        "ref": "nixos-unstable",
        "repo": "nixpkgs",
        "type": "github"
      }
    },
    "nixpkgs_6": {
      "locked": {
        "lastModified": 1772963539,
        "narHash": "sha256-9jVDGZnvCckTGdYT53d/EfznygLskyLQXYwJLKMPsZs=",
        "owner": "nixos",
        "repo": "nixpkgs",
        "rev": "9dcb002ca1690658be4a04645215baea8b95f31d",
        "type": "github"
      },
      "original": {
        "owner": "nixos",
        "ref": "nixos-unstable",
        "repo": "nixpkgs",
        "type": "github"
      }
    },
    "nixpkgs_7": {
      "locked": {
        "lastModified": 1772736753,
        "narHash": "sha256-au/m3+EuBLoSzWUCb64a/MZq6QUtOV8oC0D9tY2scPQ=",
        "owner": "NixOS",
        "repo": "nixpkgs",
        "rev": "917fec990948658ef1ccd07cef2a1ef060786846",
        "type": "github"
      },
      "original": {
        "owner": "NixOS",
        "ref": "nixpkgs-unstable",
        "repo": "nixpkgs",
        "type": "github"
      }
    },
    "nixpkgs_8": {
      "locked": {
        "lastModified": 1767767207,
        "narHash": "sha256-Mj3d3PfwltLmukFal5i3fFt27L6NiKXdBezC1EBuZs4=",
        "owner": "NixOS",
        "repo": "nixpkgs",
        "rev": "5912c1772a44e31bf1c63c0390b90501e5026886",
        "type": "github"
      },
      "original": {
        "owner": "NixOS",
        "ref": "nixos-unstable",
        "repo": "nixpkgs",
        "type": "github"
      }
    },
    "nixvim": {
      "inputs": {
        "flake-parts": "flake-parts_3",
        "nixpkgs": [
          "nixpkgs-unstable"
        ],
        "systems": "systems_3"
      },
      "locked": {
        "lastModified": 1772402258,
        "narHash": "sha256-3DmCFOdmbkFML1/G9gj8Wb+rCCZFPOQtNoMCpqOF8SA=",
        "owner": "nix-community",
        "repo": "nixvim",
        "rev": "21ae25e13b01d3b4cdc750b5f9e7bad68b150c10",
        "type": "github"
      },
      "original": {
        "owner": "nix-community",
        "repo": "nixvim",
        "type": "github"
      }
    },
    "nur": {
      "inputs": {
        "flake-parts": [
          "stylix",
          "flake-parts"
        ],
        "nixpkgs": [
          "stylix",
          "nixpkgs"
        ]
      },
      "locked": {
        "lastModified": 1767810917,
        "narHash": "sha256-ZKqhk772+v/bujjhla9VABwcvz+hB2IaRyeLT6CFnT0=",
        "owner": "nix-community",
        "repo": "NUR",
        "rev": "dead29c804adc928d3a69dfe7f9f12d0eec1f1a4",
        "type": "github"
      },
      "original": {
        "owner": "nix-community",
        "repo": "NUR",
        "type": "github"
      }
    },
    "root": {
      "inputs": {
        "betterfox": "betterfox",
        "blender": "blender",
        "home-manager": "home-manager",
        "nh": "nh",
        "niri": "niri",
        "nix-cachyos-kernel": "nix-cachyos-kernel",
        "nix-minecraft": "nix-minecraft",
        "nixpkgs": "nixpkgs_6",
        "nixpkgs-unstable": "nixpkgs-unstable",
        "nixvim": "nixvim",
        "sops-nix": "sops-nix",
        "stylix": "stylix"
      }
    },
    "sops-nix": {
      "inputs": {
        "nixpkgs": "nixpkgs_7"
      },
      "locked": {
        "lastModified": 1773096132,
        "narHash": "sha256-M3zEnq9OElB7zqc+mjgPlByPm1O5t2fbUrH3t/Hm5Ag=",
        "owner": "Mic92",
        "repo": "sops-nix",
        "rev": "d1ff3b1034d5bab5d7d8086a7803c5a5968cd784",
        "type": "github"
      },
      "original": {
        "owner": "Mic92",
        "repo": "sops-nix",
        "type": "github"
      }
    },
    "stylix": {
      "inputs": {
        "base16": "base16",
        "base16-fish": "base16-fish",
        "base16-helix": "base16-helix",
        "base16-vim": "base16-vim",
        "firefox-gnome-theme": "firefox-gnome-theme",
        "flake-parts": "flake-parts_4",
        "gnome-shell": "gnome-shell",
        "nixpkgs": "nixpkgs_8",
        "nur": "nur",
        "systems": "systems_4",
        "tinted-foot": "tinted-foot",
        "tinted-kitty": "tinted-kitty",
        "tinted-schemes": "tinted-schemes",
        "tinted-tmux": "tinted-tmux",
        "tinted-zed": "tinted-zed"
      },
      "locked": {
        "lastModified": 1772296853,
        "narHash": "sha256-pAtzPsgHRKw/2Kv8HgAjSJg450FDldHPWsP3AKG/Xj0=",
        "owner": "danth",
        "repo": "stylix",
        "rev": "c4b8e80a1020e09a1f081ad0f98ce804a6e85acf",
        "type": "github"
      },
      "original": {
        "owner": "danth",
        "repo": "stylix",
        "type": "github"
      }
    },
    "systems": {
      "locked": {
        "lastModified": 1681028828,
        "narHash": "sha256-Vy1rq5AaRuLzOxct8nz4T6wlgyUR7zLU309k9mBC768=",
        "owner": "nix-systems",
        "repo": "default",
        "rev": "da67096a3b9bf56a91d16901293e51ba5b49a27e",
        "type": "github"
      },
      "original": {
        "owner": "nix-systems",
        "repo": "default",
        "type": "github"
      }
    },
    "systems_2": {
      "locked": {
        "lastModified": 1681028828,
        "narHash": "sha256-Vy1rq5AaRuLzOxct8nz4T6wlgyUR7zLU309k9mBC768=",
        "owner": "nix-systems",
        "repo": "default",
        "rev": "da67096a3b9bf56a91d16901293e51ba5b49a27e",
        "type": "github"
      },
      "original": {
        "owner": "nix-systems",
        "repo": "default",
        "type": "github"
      }
    },
    "systems_3": {
      "locked": {
        "lastModified": 1681028828,
        "narHash": "sha256-Vy1rq5AaRuLzOxct8nz4T6wlgyUR7zLU309k9mBC768=",
        "owner": "nix-systems",
        "repo": "default",
        "rev": "da67096a3b9bf56a91d16901293e51ba5b49a27e",
        "type": "github"
      },
      "original": {
        "owner": "nix-systems",
        "repo": "default",
        "type": "github"
      }
    },
    "systems_4": {
      "locked": {
        "lastModified": 1681028828,
        "narHash": "sha256-Vy1rq5AaRuLzOxct8nz4T6wlgyUR7zLU309k9mBC768=",
        "owner": "nix-systems",
        "repo": "default",
        "rev": "da67096a3b9bf56a91d16901293e51ba5b49a27e",
        "type": "github"
      },
      "original": {
        "owner": "nix-systems",
        "repo": "default",
        "type": "github"
      }
    },
    "tinted-foot": {
      "flake": false,
      "locked": {
        "lastModified": 1726913040,
        "narHash": "sha256-+eDZPkw7efMNUf3/Pv0EmsidqdwNJ1TaOum6k7lngDQ=",
        "owner": "tinted-theming",
        "repo": "tinted-foot",
        "rev": "fd1b924b6c45c3e4465e8a849e67ea82933fcbe4",
        "type": "github"
      },
      "original": {
        "owner": "tinted-theming",
        "repo": "tinted-foot",
        "rev": "fd1b924b6c45c3e4465e8a849e67ea82933fcbe4",
        "type": "github"
      }
    },
    "tinted-kitty": {
      "flake": false,
      "locked": {
        "lastModified": 1735730497,
        "narHash": "sha256-4KtB+FiUzIeK/4aHCKce3V9HwRvYaxX+F1edUrfgzb8=",
        "owner": "tinted-theming",
        "repo": "tinted-kitty",
        "rev": "de6f888497f2c6b2279361bfc790f164bfd0f3fa",
        "type": "github"
      },
      "original": {
        "owner": "tinted-theming",
        "repo": "tinted-kitty",
        "type": "github"
      }
    },
    "tinted-schemes": {
      "flake": false,
      "locked": {
        "lastModified": 1767710407,
        "narHash": "sha256-+W1EB79Jl0/gm4JqmO0Nuc5C7hRdp4vfsV/VdzI+des=",
        "owner": "tinted-theming",
        "repo": "schemes",
        "rev": "2800e2b8ac90f678d7e4acebe4fa253f602e05b2",
        "type": "github"
      },
      "original": {
        "owner": "tinted-theming",
        "repo": "schemes",
        "type": "github"
      }
    },
    "tinted-tmux": {
      "flake": false,
      "locked": {
        "lastModified": 1767489635,
        "narHash": "sha256-e6nnFnWXKBCJjCv4QG4bbcouJ6y3yeT70V9MofL32lU=",
        "owner": "tinted-theming",
        "repo": "tinted-tmux",
        "rev": "3c32729ccae99be44fe8a125d20be06f8d7d8184",
        "type": "github"
      },
      "original": {
        "owner": "tinted-theming",
        "repo": "tinted-tmux",
        "type": "github"
      }
    },
    "tinted-zed": {
      "flake": false,
      "locked": {
        "lastModified": 1767488740,
        "narHash": "sha256-wVOj0qyil8m+ouSsVZcNjl5ZR+1GdOOAooAatQXHbuU=",
        "owner": "tinted-theming",
        "repo": "base16-zed",
        "rev": "11abb0b282ad3786a2aae088d3a01c60916f2e40",
        "type": "github"
      },
      "original": {
        "owner": "tinted-theming",
        "repo": "base16-zed",
        "type": "github"
      }
    },
    "xwayland-satellite-stable": {
      "flake": false,
      "locked": {
        "lastModified": 1755491097,
        "narHash": "sha256-m+9tUfsmBeF2Gn4HWa6vSITZ4Gz1eA1F5Kh62B0N4oE=",
        "owner": "Supreeeme",
        "repo": "xwayland-satellite",
        "rev": "388d291e82ffbc73be18169d39470f340707edaa",
        "type": "github"
      },
      "original": {
        "owner": "Supreeeme",
        "ref": "v0.7",
        "repo": "xwayland-satellite",
        "type": "github"
      }
    },
    "xwayland-satellite-unstable": {
      "flake": false,
      "locked": {
        "lastModified": 1772429643,
        "narHash": "sha256-M+bAeCCcjBnVk6w/4dIVvXvpJwOKnXjwi/lDbaN6Yws=",
        "owner": "Supreeeme",
        "repo": "xwayland-satellite",
        "rev": "10f985b84cdbcc3bbf35b3e7e43d1b2a84fa9ce2",
        "type": "github"
      },
      "original": {
        "owner": "Supreeeme",
        "repo": "xwayland-satellite",
        "type": "github"
      }
    }
  },
  "root": "root",
  "version": 7
}
